
Microsoft Visual Studio Solution File, Format Version 12.00
# Visual Studio Version 17
VisualStudioVersion = 17.3.32811.315
MinimumVisualStudioVersion = 10.0.40219.1
Project("{FAE04EC0-301F-11D3-BF4B-00C04F79EFBC}") = "PreprostRaziskovalec", "PreprostRaziskovalec\PreprostRaziskovalec.csproj", "{55F235A1-354C-41B0-9E06-C089BE9D1C3E}"
EndProject
Global
	GlobalSection(SolutionConfigurationPlatforms) = preSolution
		Debug|Any CPU = Debug|Any CPU
		Release|Any CPU = Release|Any CPU
	EndGlobalSection
	GlobalSection(ProjectConfigurationPlatforms) = postSolution
		{55F235A1-354C-41B0-9E06-C089BE9D1C3E}.Debug|Any CPU.ActiveCfg = Debug|Any CPU
		{55F235A1-354C-41B0-9E06-C089BE9D1C3E}.Debug|Any CPU.Build.0 = Debug|Any CPU
		{55F235A1-354C-41B0-9E06-C089BE9D1C3E}.Release|Any CPU.ActiveCfg = Release|Any CPU
		{55F235A1-354C-41B0-9E06-C089BE9D1C3E}.Release|Any CPU.Build.0 = Release|Any CPU
	EndGlobalSection
	GlobalSection(SolutionProperties) = preSolution
		HideSolutionNode = FALSE
	EndGlobalSection
	GlobalSection(ExtensibilityGlobals) = postSolution
		SolutionGuid = {154A40A9-2DB5-41B5-A671-340E0BE0B65B}
	EndGlobalSection
EndGlobal
